
Microsoft Visual Studio Solution File, Format Version 12.00
# Visual Studio Version 17
VisualStudioVersion = 17.6.33712.159
MinimumVisualStudioVersion = 10.0.40219.1
Project("{FAE04EC0-301F-11D3-BF4B-00C04F79EFBC}") = "ApeFree.Cake2D", "ApeFree.Cake2D\ApeFree.Cake2D.csproj", "{3F1B63F8-9085-4643-9BE6-52D150B6C115}"
EndProject
Global
	GlobalSection(SolutionConfigurationPlatforms) = preSolution
		Debug|Any CPU = Debug|Any CPU
		Release|Any CPU = Release|Any CPU
	EndGlobalSection
	GlobalSection(ProjectConfigurationPlatforms) = postSolution
		{3F1B63F8-9085-4643-9BE6-52D150B6C115}.Debug|Any CPU.ActiveCfg = Debug|Any CPU
		{3F1B63F8-9085-4643-9BE6-52D150B6C115}.Debug|Any CPU.Build.0 = Debug|Any CPU
		{3F1B63F8-9085-4643-9BE6-52D150B6C115}.Release|Any CPU.ActiveCfg = Release|Any CPU
		{3F1B63F8-9085-4643-9BE6-52D150B6C115}.Release|Any CPU.Build.0 = Release|Any CPU
	EndGlobalSection
	GlobalSection(SolutionProperties) = preSolution
		HideSolutionNode = FALSE
	EndGlobalSection
	GlobalSection(ExtensibilityGlobals) = postSolution
		SolutionGuid = {FE6E4864-BC6E-436E-8FF3-646EA6B067AB}
	EndGlobalSection
EndGlobal
